
Microsoft Visual Studio Solution File, Format Version 12.00
# Visual Studio 15
VisualStudioVersion = 15.0.27428.2005
MinimumVisualStudioVersion = 10.0.40219.1
Project("{FAE04EC0-301F-11D3-BF4B-00C04F79EFBC}") = "ExchangeAutoCollectionService", "ExchangeAutoCollectionService\ExchangeAutoCollectionService.csproj", "{E5CEDC0F-6E2E-4ACE-92F1-9AA7213E782D}"
EndProject
Project("{FAE04EC0-301F-11D3-BF4B-00C04F79EFBC}") = "WindowsApplication1", "Project\WindowsApplication1.csproj", "{A4067EE8-4EC7-432D-8D8A-AF40670F48C4}"
EndProject
Global
	GlobalSection(SolutionConfigurationPlatforms) = preSolution
		Debug|Any CPU = Debug|Any CPU
		Release|Any CPU = Release|Any CPU
	EndGlobalSection
	GlobalSection(ProjectConfigurationPlatforms) = postSolution
		{E5CEDC0F-6E2E-4ACE-92F1-9AA7213E782D}.Debug|Any CPU.ActiveCfg = Debug|Any CPU
		{E5CEDC0F-6E2E-4ACE-92F1-9AA7213E782D}.Debug|Any CPU.Build.0 = Debug|Any CPU
		{E5CEDC0F-6E2E-4ACE-92F1-9AA7213E782D}.Release|Any CPU.ActiveCfg = Release|Any CPU
		{E5CEDC0F-6E2E-4ACE-92F1-9AA7213E782D}.Release|Any CPU.Build.0 = Release|Any CPU
		{A4067EE8-4EC7-432D-8D8A-AF40670F48C4}.Debug|Any CPU.ActiveCfg = Debug|Any CPU
		{A4067EE8-4EC7-432D-8D8A-AF40670F48C4}.Debug|Any CPU.Build.0 = Debug|Any CPU
		{A4067EE8-4EC7-432D-8D8A-AF40670F48C4}.Release|Any CPU.ActiveCfg = Release|Any CPU
		{A4067EE8-4EC7-432D-8D8A-AF40670F48C4}.Release|Any CPU.Build.0 = Release|Any CPU
	EndGlobalSection
	GlobalSection(SolutionProperties) = preSolution
		HideSolutionNode = FALSE
	EndGlobalSection
	GlobalSection(ExtensibilityGlobals) = postSolution
		SolutionGuid = {C2BA7672-F6FE-44F3-BA9D-DE724E6CAA18}
	EndGlobalSection
EndGlobal
