
Microsoft Visual Studio Solution File, Format Version 12.00
# Visual Studio 14
VisualStudioVersion = 14.0.23107.0
MinimumVisualStudioVersion = 10.0.40219.1
Project("{2150E333-8FDC-42A3-9474-1A3956D46DE8}") = "Chaint.Common", "Chaint.Common", "{63FD3392-9BD8-4930-B778-E54B38F7C49A}"
EndProject
Project("{FAE04EC0-301F-11D3-BF4B-00C04F79EFBC}") = "Chaint.Common.App", "Common\Chaint.Common.App\Chaint.Common.App.csproj", "{5BA4DD4E-C42B-488C-8DCA-0E27F2E75276}"
EndProject
Project("{FAE04EC0-301F-11D3-BF4B-00C04F79EFBC}") = "Chaint.Common.BaseControler", "Common\Chaint.Common.BaseControler\Chaint.Common.BaseControler.csproj", "{21B1BEBE-A588-4246-AAF8-4E1510C174E3}"
EndProject
Project("{FAE04EC0-301F-11D3-BF4B-00C04F79EFBC}") = "Chaint.Common.BasePlugIn", "Common\Chaint.Common.BasePlugIn\Chaint.Common.BasePlugIn.csproj", "{94765FD1-E1A3-4F63-9B8F-E02965C219C5}"
EndProject
Project("{FAE04EC0-301F-11D3-BF4B-00C04F79EFBC}") = "Chaint.Common.Core", "Common\Chaint.Common.Core\Chaint.Common.Core.csproj", "{CBD148DC-CB5E-41E1-A3F4-13BF141309CE}"
EndProject
Project("{FAE04EC0-301F-11D3-BF4B-00C04F79EFBC}") = "Chaint.Common.Data", "Common\Chaint.Common.Data\Chaint.Common.Data.csproj", "{9993D50B-5E4C-4AA9-97F5-2010DA8898A7}"
EndProject
Project("{FAE04EC0-301F-11D3-BF4B-00C04F79EFBC}") = "Chaint.Common.Entity", "Common\Chaint.Common.Entity\Chaint.Common.Entity.csproj", "{BD0A5236-83E9-4EE9-AB5F-F5B9ACD769C1}"
EndProject
Project("{FAE04EC0-301F-11D3-BF4B-00C04F79EFBC}") = "Chaint.Common.Interface", "Common\Chaint.Common.Interface\Chaint.Common.Interface.csproj", "{2C84B936-433F-47A6-82A2-3139059132CF}"
EndProject
Project("{FAE04EC0-301F-11D3-BF4B-00C04F79EFBC}") = "Chaint.Instock.Business", "Instock\Chaint.Instock.Business\Chaint.Instock.Business.csproj", "{4F9B6FC5-240A-4F75-B802-4FF90DDD75CA}"
EndProject
Project("{FAE04EC0-301F-11D3-BF4B-00C04F79EFBC}") = "Chaint.Instock.Core", "Instock\Chaint.Instock.Core\Chaint.Instock.Core.csproj", "{3A473D31-2A29-4CEF-A5E5-E758ABBAB69F}"
EndProject
Project("{FAE04EC0-301F-11D3-BF4B-00C04F79EFBC}") = "Chaint.Instock.Main", "Instock\Chaint.Instock.Main\Chaint.Instock.Main.csproj", "{D4774F1C-F152-4D12-99D9-984429E495D5}"
EndProject
Project("{FAE04EC0-301F-11D3-BF4B-00C04F79EFBC}") = "Chaint.Instock.Service", "Instock\Chaint.Instock.Service\Chaint.Instock.Service.csproj", "{FF360E8F-12A9-441E-AC6B-F4D0271F42A3}"
EndProject
Project("{FAE04EC0-301F-11D3-BF4B-00C04F79EFBC}") = "Chaint.Instock.ServiceHelper", "Instock\Chaint.Instock.ServiceHelper\Chaint.Instock.ServiceHelper.csproj", "{01BB5E71-29BC-4B7A-9E1B-5DB26DBF2149}"
EndProject
Project("{FAE04EC0-301F-11D3-BF4B-00C04F79EFBC}") = "Chaint.Common.ServiceHelper", "Common\Chaint.Common.ServiceHelper\Chaint.Common.ServiceHelper.csproj", "{6A96291B-0D92-4401-A459-28F0ADB88407}"
EndProject
Project("{2150E333-8FDC-42A3-9474-1A3956D46DE8}") = "CTWH", "CTWH", "{94EF3563-E95F-4FC3-B750-4177452BADE7}"
EndProject
Project("{FAE04EC0-301F-11D3-BF4B-00C04F79EFBC}") = "Chaint.Common.Service", "Common\Chaint.Common.Service\Chaint.Common.Service.csproj", "{AFBB4D77-1CD1-40E5-9921-1063D1A4B8A2}"
EndProject
Project("{FAE04EC0-301F-11D3-BF4B-00C04F79EFBC}") = "CTSocket", "Extra\CTSocket1.5\CTSocket.csproj", "{D518F666-3E16-4213-A934-4DBE3E0E17D1}"
EndProject
Project("{FAE04EC0-301F-11D3-BF4B-00C04F79EFBC}") = "Chaint.Common.Devices", "Extra\Chaint.Common.Devices\Chaint.Common.Devices.csproj", "{F2566B21-0875-495B-AED8-B919A223CAEB}"
EndProject
Project("{FAE04EC0-301F-11D3-BF4B-00C04F79EFBC}") = "DataModel", "Extra\DataModel\DataModel.csproj", "{6F008F70-5E8A-417D-902A-B6F7820D9662}"
EndProject
Project("{FAE04EC0-301F-11D3-BF4B-00C04F79EFBC}") = "Chaint.Instock.Business.PlugIn", "Instock\Chaint.Instock.Business.PlugIn\Chaint.Instock.Business.PlugIn.csproj", "{1184D95D-37A8-4AB4-9D80-26C4C643F1E1}"
EndProject
Project("{FAE04EC0-301F-11D3-BF4B-00C04F79EFBC}") = "Chaint.Instock.Business.View", "Instock\Chaint.Instock.Business.View\Chaint.Instock.Business.View.csproj", "{C8130247-5505-4B0E-9B17-FFE656275DFD}"
EndProject
Project("{FAE04EC0-301F-11D3-BF4B-00C04F79EFBC}") = "Chaint.Instock.Business.Model", "Instock\Chaint.Instock.Business.Model\Chaint.Instock.Business.Model.csproj", "{C97AE982-9252-4AD6-98D8-913AB8111704}"
EndProject
Project("{FAE04EC0-301F-11D3-BF4B-00C04F79EFBC}") = "Chaint.Instock.Business.Controler", "Instock\Chaint.Instock.Business.Controler\Chaint.Instock.Business.Controler.csproj", "{699971A8-0884-48A3-B865-3E7A41EA3DED}"
EndProject
Project("{FAE04EC0-301F-11D3-BF4B-00C04F79EFBC}") = "CTWH.Common", "Extra\Common\CTWH.Common.csproj", "{B233EC66-3614-44E5-9A1C-CDEACCE845E8}"
EndProject
Project("{FAE04EC0-301F-11D3-BF4B-00C04F79EFBC}") = "WH_PDA_Service", "Extra\WH_PDA_Service\WH_PDA_Service.csproj", "{E0E5E8C8-8BC7-420B-B605-E8DF7DD05ADC}"
EndProject
Project("{FAE04EC0-301F-11D3-BF4B-00C04F79EFBC}") = "CTWH", "Extra\CTWH\CTWH.csproj", "{4BBFEA72-4675-4D99-9EC0-1FBD6C063B94}"
EndProject
Project("{FAE04EC0-301F-11D3-BF4B-00C04F79EFBC}") = "Chaint.AutoScan", "Instock\Chaint.AutoScan\Chaint.AutoScan.csproj", "{511A4234-9BE6-46BD-A3CD-BC6609B42D44}"
EndProject
Global
	GlobalSection(SolutionConfigurationPlatforms) = preSolution
		Debug|Any CPU = Debug|Any CPU
		Debug|x64 = Debug|x64
		Debug|x86 = Debug|x86
		Release|Any CPU = Release|Any CPU
		Release|x64 = Release|x64
		Release|x86 = Release|x86
	EndGlobalSection
	GlobalSection(ProjectConfigurationPlatforms) = postSolution
		{5BA4DD4E-C42B-488C-8DCA-0E27F2E75276}.Debug|Any CPU.ActiveCfg = Debug|Any CPU
		{5BA4DD4E-C42B-488C-8DCA-0E27F2E75276}.Debug|Any CPU.Build.0 = Debug|Any CPU
		{5BA4DD4E-C42B-488C-8DCA-0E27F2E75276}.Debug|x64.ActiveCfg = Debug|Any CPU
		{5BA4DD4E-C42B-488C-8DCA-0E27F2E75276}.Debug|x64.Build.0 = Debug|Any CPU
		{5BA4DD4E-C42B-488C-8DCA-0E27F2E75276}.Debug|x86.ActiveCfg = Debug|x86
		{5BA4DD4E-C42B-488C-8DCA-0E27F2E75276}.Debug|x86.Build.0 = Debug|x86
		{5BA4DD4E-C42B-488C-8DCA-0E27F2E75276}.Release|Any CPU.ActiveCfg = Release|Any CPU
		{5BA4DD4E-C42B-488C-8DCA-0E27F2E75276}.Release|Any CPU.Build.0 = Release|Any CPU
		{5BA4DD4E-C42B-488C-8DCA-0E27F2E75276}.Release|x64.ActiveCfg = Release|Any CPU
		{5BA4DD4E-C42B-488C-8DCA-0E27F2E75276}.Release|x64.Build.0 = Release|Any CPU
		{5BA4DD4E-C42B-488C-8DCA-0E27F2E75276}.Release|x86.ActiveCfg = Release|Any CPU
		{5BA4DD4E-C42B-488C-8DCA-0E27F2E75276}.Release|x86.Build.0 = Release|Any CPU
		{21B1BEBE-A588-4246-AAF8-4E1510C174E3}.Debug|Any CPU.ActiveCfg = Debug|Any CPU
		{21B1BEBE-A588-4246-AAF8-4E1510C174E3}.Debug|Any CPU.Build.0 = Debug|Any CPU
		{21B1BEBE-A588-4246-AAF8-4E1510C174E3}.Debug|x64.ActiveCfg = Debug|Any CPU
		{21B1BEBE-A588-4246-AAF8-4E1510C174E3}.Debug|x64.Build.0 = Debug|Any CPU
		{21B1BEBE-A588-4246-AAF8-4E1510C174E3}.Debug|x86.ActiveCfg = Debug|x86
		{21B1BEBE-A588-4246-AAF8-4E1510C174E3}.Debug|x86.Build.0 = Debug|x86
		{21B1BEBE-A588-4246-AAF8-4E1510C174E3}.Release|Any CPU.ActiveCfg = Release|Any CPU
		{21B1BEBE-A588-4246-AAF8-4E1510C174E3}.Release|Any CPU.Build.0 = Release|Any CPU
		{21B1BEBE-A588-4246-AAF8-4E1510C174E3}.Release|x64.ActiveCfg = Release|Any CPU
		{21B1BEBE-A588-4246-AAF8-4E1510C174E3}.Release|x64.Build.0 = Release|Any CPU
		{21B1BEBE-A588-4246-AAF8-4E1510C174E3}.Release|x86.ActiveCfg = Release|Any CPU
		{21B1BEBE-A588-4246-AAF8-4E1510C174E3}.Release|x86.Build.0 = Release|Any CPU
		{94765FD1-E1A3-4F63-9B8F-E02965C219C5}.Debug|Any CPU.ActiveCfg = Debug|Any CPU
		{94765FD1-E1A3-4F63-9B8F-E02965C219C5}.Debug|Any CPU.Build.0 = Debug|Any CPU
		{94765FD1-E1A3-4F63-9B8F-E02965C219C5}.Debug|x64.ActiveCfg = Debug|Any CPU
		{94765FD1-E1A3-4F63-9B8F-E02965C219C5}.Debug|x64.Build.0 = Debug|Any CPU
		{94765FD1-E1A3-4F63-9B8F-E02965C219C5}.Debug|x86.ActiveCfg = Debug|x86
		{94765FD1-E1A3-4F63-9B8F-E02965C219C5}.Debug|x86.Build.0 = Debug|x86
		{94765FD1-E1A3-4F63-9B8F-E02965C219C5}.Release|Any CPU.ActiveCfg = Release|Any CPU
		{94765FD1-E1A3-4F63-9B8F-E02965C219C5}.Release|Any CPU.Build.0 = Release|Any CPU
		{94765FD1-E1A3-4F63-9B8F-E02965C219C5}.Release|x64.ActiveCfg = Release|Any CPU
		{94765FD1-E1A3-4F63-9B8F-E02965C219C5}.Release|x64.Build.0 = Release|Any CPU
		{94765FD1-E1A3-4F63-9B8F-E02965C219C5}.Release|x86.ActiveCfg = Release|Any CPU
		{94765FD1-E1A3-4F63-9B8F-E02965C219C5}.Release|x86.Build.0 = Release|Any CPU
		{CBD148DC-CB5E-41E1-A3F4-13BF141309CE}.Debug|Any CPU.ActiveCfg = Debug|Any CPU
		{CBD148DC-CB5E-41E1-A3F4-13BF141309CE}.Debug|Any CPU.Build.0 = Debug|Any CPU
		{CBD148DC-CB5E-41E1-A3F4-13BF141309CE}.Debug|x64.ActiveCfg = Debug|Any CPU
		{CBD148DC-CB5E-41E1-A3F4-13BF141309CE}.Debug|x64.Build.0 = Debug|Any CPU
		{CBD148DC-CB5E-41E1-A3F4-13BF141309CE}.Debug|x86.ActiveCfg = Debug|x86
		{CBD148DC-CB5E-41E1-A3F4-13BF141309CE}.Debug|x86.Build.0 = Debug|x86
		{CBD148DC-CB5E-41E1-A3F4-13BF141309CE}.Release|Any CPU.ActiveCfg = Release|Any CPU
		{CBD148DC-CB5E-41E1-A3F4-13BF141309CE}.Release|Any CPU.Build.0 = Release|Any CPU
		{CBD148DC-CB5E-41E1-A3F4-13BF141309CE}.Release|x64.ActiveCfg = Release|Any CPU
		{CBD148DC-CB5E-41E1-A3F4-13BF141309CE}.Release|x64.Build.0 = Release|Any CPU
		{CBD148DC-CB5E-41E1-A3F4-13BF141309CE}.Release|x86.ActiveCfg = Release|Any CPU
		{CBD148DC-CB5E-41E1-A3F4-13BF141309CE}.Release|x86.Build.0 = Release|Any CPU
		{9993D50B-5E4C-4AA9-97F5-2010DA8898A7}.Debug|Any CPU.ActiveCfg = Debug|Any CPU
		{9993D50B-5E4C-4AA9-97F5-2010DA8898A7}.Debug|Any CPU.Build.0 = Debug|Any CPU
		{9993D50B-5E4C-4AA9-97F5-2010DA8898A7}.Debug|x64.ActiveCfg = Debug|Any CPU
		{9993D50B-5E4C-4AA9-97F5-2010DA8898A7}.Debug|x64.Build.0 = Debug|Any CPU
		{9993D50B-5E4C-4AA9-97F5-2010DA8898A7}.Debug|x86.ActiveCfg = Debug|x86
		{9993D50B-5E4C-4AA9-97F5-2010DA8898A7}.Debug|x86.Build.0 = Debug|x86
		{9993D50B-5E4C-4AA9-97F5-2010DA8898A7}.Release|Any CPU.ActiveCfg = Release|Any CPU
		{9993D50B-5E4C-4AA9-97F5-2010DA8898A7}.Release|Any CPU.Build.0 = Release|Any CPU
		{9993D50B-5E4C-4AA9-97F5-2010DA8898A7}.Release|x64.ActiveCfg = Release|Any CPU
		{9993D50B-5E4C-4AA9-97F5-2010DA8898A7}.Release|x64.Build.0 = Release|Any CPU
		{9993D50B-5E4C-4AA9-97F5-2010DA8898A7}.Release|x86.ActiveCfg = Release|Any CPU
		{9993D50B-5E4C-4AA9-97F5-2010DA8898A7}.Release|x86.Build.0 = Release|Any CPU
		{BD0A5236-83E9-4EE9-AB5F-F5B9ACD769C1}.Debug|Any CPU.ActiveCfg = Debug|Any CPU
		{BD0A5236-83E9-4EE9-AB5F-F5B9ACD769C1}.Debug|Any CPU.Build.0 = Debug|Any CPU
		{BD0A5236-83E9-4EE9-AB5F-F5B9ACD769C1}.Debug|x64.ActiveCfg = Debug|Any CPU
		{BD0A5236-83E9-4EE9-AB5F-F5B9ACD769C1}.Debug|x64.Build.0 = Debug|Any CPU
		{BD0A5236-83E9-4EE9-AB5F-F5B9ACD769C1}.Debug|x86.ActiveCfg = Debug|x86
		{BD0A5236-83E9-4EE9-AB5F-F5B9ACD769C1}.Debug|x86.Build.0 = Debug|x86
		{BD0A5236-83E9-4EE9-AB5F-F5B9ACD769C1}.Release|Any CPU.ActiveCfg = Release|Any CPU
		{BD0A5236-83E9-4EE9-AB5F-F5B9ACD769C1}.Release|Any CPU.Build.0 = Release|Any CPU
		{BD0A5236-83E9-4EE9-AB5F-F5B9ACD769C1}.Release|x64.ActiveCfg = Release|Any CPU
		{BD0A5236-83E9-4EE9-AB5F-F5B9ACD769C1}.Release|x64.Build.0 = Release|Any CPU
		{BD0A5236-83E9-4EE9-AB5F-F5B9ACD769C1}.Release|x86.ActiveCfg = Release|Any CPU
		{BD0A5236-83E9-4EE9-AB5F-F5B9ACD769C1}.Release|x86.Build.0 = Release|Any CPU
		{2C84B936-433F-47A6-82A2-3139059132CF}.Debug|Any CPU.ActiveCfg = Debug|Any CPU
		{2C84B936-433F-47A6-82A2-3139059132CF}.Debug|Any CPU.Build.0 = Debug|Any CPU
		{2C84B936-433F-47A6-82A2-3139059132CF}.Debug|x64.ActiveCfg = Debug|Any CPU
		{2C84B936-433F-47A6-82A2-3139059132CF}.Debug|x64.Build.0 = Debug|Any CPU
		{2C84B936-433F-47A6-82A2-3139059132CF}.Debug|x86.ActiveCfg = Debug|x86
		{2C84B936-433F-47A6-82A2-3139059132CF}.Debug|x86.Build.0 = Debug|x86
		{2C84B936-433F-47A6-82A2-3139059132CF}.Release|Any CPU.ActiveCfg = Release|Any CPU
		{2C84B936-433F-47A6-82A2-3139059132CF}.Release|Any CPU.Build.0 = Release|Any CPU
		{2C84B936-433F-47A6-82A2-3139059132CF}.Release|x64.ActiveCfg = Release|Any CPU
		{2C84B936-433F-47A6-82A2-3139059132CF}.Release|x64.Build.0 = Release|Any CPU
		{2C84B936-433F-47A6-82A2-3139059132CF}.Release|x86.ActiveCfg = Release|Any CPU
		{2C84B936-433F-47A6-82A2-3139059132CF}.Release|x86.Build.0 = Release|Any CPU
		{4F9B6FC5-240A-4F75-B802-4FF90DDD75CA}.Debug|Any CPU.ActiveCfg = Debug|Any CPU
		{4F9B6FC5-240A-4F75-B802-4FF90DDD75CA}.Debug|Any CPU.Build.0 = Debug|Any CPU
		{4F9B6FC5-240A-4F75-B802-4FF90DDD75CA}.Debug|x64.ActiveCfg = Debug|Any CPU
		{4F9B6FC5-240A-4F75-B802-4FF90DDD75CA}.Debug|x64.Build.0 = Debug|Any CPU
		{4F9B6FC5-240A-4F75-B802-4FF90DDD75CA}.Debug|x86.ActiveCfg = Debug|x86
		{4F9B6FC5-240A-4F75-B802-4FF90DDD75CA}.Debug|x86.Build.0 = Debug|x86
		{4F9B6FC5-240A-4F75-B802-4FF90DDD75CA}.Release|Any CPU.ActiveCfg = Release|Any CPU
		{4F9B6FC5-240A-4F75-B802-4FF90DDD75CA}.Release|Any CPU.Build.0 = Release|Any CPU
		{4F9B6FC5-240A-4F75-B802-4FF90DDD75CA}.Release|x64.ActiveCfg = Release|Any CPU
		{4F9B6FC5-240A-4F75-B802-4FF90DDD75CA}.Release|x64.Build.0 = Release|Any CPU
		{4F9B6FC5-240A-4F75-B802-4FF90DDD75CA}.Release|x86.ActiveCfg = Release|Any CPU
		{4F9B6FC5-240A-4F75-B802-4FF90DDD75CA}.Release|x86.Build.0 = Release|Any CPU
		{3A473D31-2A29-4CEF-A5E5-E758ABBAB69F}.Debug|Any CPU.ActiveCfg = Debug|Any CPU
		{3A473D31-2A29-4CEF-A5E5-E758ABBAB69F}.Debug|Any CPU.Build.0 = Debug|Any CPU
		{3A473D31-2A29-4CEF-A5E5-E758ABBAB69F}.Debug|x64.ActiveCfg = Debug|Any CPU
		{3A473D31-2A29-4CEF-A5E5-E758ABBAB69F}.Debug|x64.Build.0 = Debug|Any CPU
		{3A473D31-2A29-4CEF-A5E5-E758ABBAB69F}.Debug|x86.ActiveCfg = Debug|x86
		{3A473D31-2A29-4CEF-A5E5-E758ABBAB69F}.Debug|x86.Build.0 = Debug|x86
		{3A473D31-2A29-4CEF-A5E5-E758ABBAB69F}.Release|Any CPU.ActiveCfg = Release|Any CPU
		{3A473D31-2A29-4CEF-A5E5-E758ABBAB69F}.Release|Any CPU.Build.0 = Release|Any CPU
		{3A473D31-2A29-4CEF-A5E5-E758ABBAB69F}.Release|x64.ActiveCfg = Release|Any CPU
		{3A473D31-2A29-4CEF-A5E5-E758ABBAB69F}.Release|x64.Build.0 = Release|Any CPU
		{3A473D31-2A29-4CEF-A5E5-E758ABBAB69F}.Release|x86.ActiveCfg = Release|Any CPU
		{3A473D31-2A29-4CEF-A5E5-E758ABBAB69F}.Release|x86.Build.0 = Release|Any CPU
		{D4774F1C-F152-4D12-99D9-984429E495D5}.Debug|Any CPU.ActiveCfg = Debug|Any CPU
		{D4774F1C-F152-4D12-99D9-984429E495D5}.Debug|Any CPU.Build.0 = Debug|Any CPU
		{D4774F1C-F152-4D12-99D9-984429E495D5}.Debug|x64.ActiveCfg = Debug|Any CPU
		{D4774F1C-F152-4D12-99D9-984429E495D5}.Debug|x64.Build.0 = Debug|Any CPU
		{D4774F1C-F152-4D12-99D9-984429E495D5}.Debug|x86.ActiveCfg = Debug|x86
		{D4774F1C-F152-4D12-99D9-984429E495D5}.Debug|x86.Build.0 = Debug|x86
		{D4774F1C-F152-4D12-99D9-984429E495D5}.Release|Any CPU.ActiveCfg = Release|Any CPU
		{D4774F1C-F152-4D12-99D9-984429E495D5}.Release|Any CPU.Build.0 = Release|Any CPU
		{D4774F1C-F152-4D12-99D9-984429E495D5}.Release|x64.ActiveCfg = Release|Any CPU
		{D4774F1C-F152-4D12-99D9-984429E495D5}.Release|x64.Build.0 = Release|Any CPU
		{D4774F1C-F152-4D12-99D9-984429E495D5}.Release|x86.ActiveCfg = Release|Any CPU
		{D4774F1C-F152-4D12-99D9-984429E495D5}.Release|x86.Build.0 = Release|Any CPU
		{FF360E8F-12A9-441E-AC6B-F4D0271F42A3}.Debug|Any CPU.ActiveCfg = Debug|Any CPU
		{FF360E8F-12A9-441E-AC6B-F4D0271F42A3}.Debug|Any CPU.Build.0 = Debug|Any CPU
		{FF360E8F-12A9-441E-AC6B-F4D0271F42A3}.Debug|x64.ActiveCfg = Debug|Any CPU
		{FF360E8F-12A9-441E-AC6B-F4D0271F42A3}.Debug|x64.Build.0 = Debug|Any CPU
		{FF360E8F-12A9-441E-AC6B-F4D0271F42A3}.Debug|x86.ActiveCfg = Debug|x86
		{FF360E8F-12A9-441E-AC6B-F4D0271F42A3}.Debug|x86.Build.0 = Debug|x86
		{FF360E8F-12A9-441E-AC6B-F4D0271F42A3}.Release|Any CPU.ActiveCfg = Release|Any CPU
		{FF360E8F-12A9-441E-AC6B-F4D0271F42A3}.Release|Any CPU.Build.0 = Release|Any CPU
		{FF360E8F-12A9-441E-AC6B-F4D0271F42A3}.Release|x64.ActiveCfg = Release|Any CPU
		{FF360E8F-12A9-441E-AC6B-F4D0271F42A3}.Release|x64.Build.0 = Release|Any CPU
		{FF360E8F-12A9-441E-AC6B-F4D0271F42A3}.Release|x86.ActiveCfg = Release|Any CPU
		{FF360E8F-12A9-441E-AC6B-F4D0271F42A3}.Release|x86.Build.0 = Release|Any CPU
		{01BB5E71-29BC-4B7A-9E1B-5DB26DBF2149}.Debug|Any CPU.ActiveCfg = Debug|Any CPU
		{01BB5E71-29BC-4B7A-9E1B-5DB26DBF2149}.Debug|Any CPU.Build.0 = Debug|Any CPU
		{01BB5E71-29BC-4B7A-9E1B-5DB26DBF2149}.Debug|x64.ActiveCfg = Debug|Any CPU
		{01BB5E71-29BC-4B7A-9E1B-5DB26DBF2149}.Debug|x64.Build.0 = Debug|Any CPU
		{01BB5E71-29BC-4B7A-9E1B-5DB26DBF2149}.Debug|x86.ActiveCfg = Debug|x86
		{01BB5E71-29BC-4B7A-9E1B-5DB26DBF2149}.Debug|x86.Build.0 = Debug|x86
		{01BB5E71-29BC-4B7A-9E1B-5DB26DBF2149}.Release|Any CPU.ActiveCfg = Release|Any CPU
		{01BB5E71-29BC-4B7A-9E1B-5DB26DBF2149}.Release|Any CPU.Build.0 = Release|Any CPU
		{01BB5E71-29BC-4B7A-9E1B-5DB26DBF2149}.Release|x64.ActiveCfg = Release|Any CPU
		{01BB5E71-29BC-4B7A-9E1B-5DB26DBF2149}.Release|x64.Build.0 = Release|Any CPU
		{01BB5E71-29BC-4B7A-9E1B-5DB26DBF2149}.Release|x86.ActiveCfg = Release|Any CPU
		{01BB5E71-29BC-4B7A-9E1B-5DB26DBF2149}.Release|x86.Build.0 = Release|Any CPU
		{6A96291B-0D92-4401-A459-28F0ADB88407}.Debug|Any CPU.ActiveCfg = Debug|Any CPU
		{6A96291B-0D92-4401-A459-28F0ADB88407}.Debug|Any CPU.Build.0 = Debug|Any CPU
		{6A96291B-0D92-4401-A459-28F0ADB88407}.Debug|x64.ActiveCfg = Debug|Any CPU
		{6A96291B-0D92-4401-A459-28F0ADB88407}.Debug|x64.Build.0 = Debug|Any CPU
		{6A96291B-0D92-4401-A459-28F0ADB88407}.Debug|x86.ActiveCfg = Debug|x86
		{6A96291B-0D92-4401-A459-28F0ADB88407}.Debug|x86.Build.0 = Debug|x86
		{6A96291B-0D92-4401-A459-28F0ADB88407}.Release|Any CPU.ActiveCfg = Release|Any CPU
		{6A96291B-0D92-4401-A459-28F0ADB88407}.Release|Any CPU.Build.0 = Release|Any CPU
		{6A96291B-0D92-4401-A459-28F0ADB88407}.Release|x64.ActiveCfg = Release|Any CPU
		{6A96291B-0D92-4401-A459-28F0ADB88407}.Release|x64.Build.0 = Release|Any CPU
		{6A96291B-0D92-4401-A459-28F0ADB88407}.Release|x86.ActiveCfg = Release|Any CPU
		{6A96291B-0D92-4401-A459-28F0ADB88407}.Release|x86.Build.0 = Release|Any CPU
		{AFBB4D77-1CD1-40E5-9921-1063D1A4B8A2}.Debug|Any CPU.ActiveCfg = Debug|Any CPU
		{AFBB4D77-1CD1-40E5-9921-1063D1A4B8A2}.Debug|Any CPU.Build.0 = Debug|Any CPU
		{AFBB4D77-1CD1-40E5-9921-1063D1A4B8A2}.Debug|x64.ActiveCfg = Debug|Any CPU
		{AFBB4D77-1CD1-40E5-9921-1063D1A4B8A2}.Debug|x64.Build.0 = Debug|Any CPU
		{AFBB4D77-1CD1-40E5-9921-1063D1A4B8A2}.Debug|x86.ActiveCfg = Debug|x86
		{AFBB4D77-1CD1-40E5-9921-1063D1A4B8A2}.Debug|x86.Build.0 = Debug|x86
		{AFBB4D77-1CD1-40E5-9921-1063D1A4B8A2}.Release|Any CPU.ActiveCfg = Release|Any CPU
		{AFBB4D77-1CD1-40E5-9921-1063D1A4B8A2}.Release|Any CPU.Build.0 = Release|Any CPU
		{AFBB4D77-1CD1-40E5-9921-1063D1A4B8A2}.Release|x64.ActiveCfg = Release|Any CPU
		{AFBB4D77-1CD1-40E5-9921-1063D1A4B8A2}.Release|x64.Build.0 = Release|Any CPU
		{AFBB4D77-1CD1-40E5-9921-1063D1A4B8A2}.Release|x86.ActiveCfg = Release|Any CPU
		{AFBB4D77-1CD1-40E5-9921-1063D1A4B8A2}.Release|x86.Build.0 = Release|Any CPU
		{D518F666-3E16-4213-A934-4DBE3E0E17D1}.Debug|Any CPU.ActiveCfg = Debug|Any CPU
		{D518F666-3E16-4213-A934-4DBE3E0E17D1}.Debug|Any CPU.Build.0 = Debug|Any CPU
		{D518F666-3E16-4213-A934-4DBE3E0E17D1}.Debug|x64.ActiveCfg = Debug|Any CPU
		{D518F666-3E16-4213-A934-4DBE3E0E17D1}.Debug|x64.Build.0 = Debug|Any CPU
		{D518F666-3E16-4213-A934-4DBE3E0E17D1}.Debug|x86.ActiveCfg = Debug|x86
		{D518F666-3E16-4213-A934-4DBE3E0E17D1}.Debug|x86.Build.0 = Debug|x86
		{D518F666-3E16-4213-A934-4DBE3E0E17D1}.Release|Any CPU.ActiveCfg = Release|Any CPU
		{D518F666-3E16-4213-A934-4DBE3E0E17D1}.Release|Any CPU.Build.0 = Release|Any CPU
		{D518F666-3E16-4213-A934-4DBE3E0E17D1}.Release|x64.ActiveCfg = Release|Any CPU
		{D518F666-3E16-4213-A934-4DBE3E0E17D1}.Release|x64.Build.0 = Release|Any CPU
		{D518F666-3E16-4213-A934-4DBE3E0E17D1}.Release|x86.ActiveCfg = Release|Any CPU
		{D518F666-3E16-4213-A934-4DBE3E0E17D1}.Release|x86.Build.0 = Release|Any CPU
		{F2566B21-0875-495B-AED8-B919A223CAEB}.Debug|Any CPU.ActiveCfg = Debug|Any CPU
		{F2566B21-0875-495B-AED8-B919A223CAEB}.Debug|Any CPU.Build.0 = Debug|Any CPU
		{F2566B21-0875-495B-AED8-B919A223CAEB}.Debug|x64.ActiveCfg = Debug|Any CPU
		{F2566B21-0875-495B-AED8-B919A223CAEB}.Debug|x64.Build.0 = Debug|Any CPU
		{F2566B21-0875-495B-AED8-B919A223CAEB}.Debug|x86.ActiveCfg = Debug|x86
		{F2566B21-0875-495B-AED8-B919A223CAEB}.Debug|x86.Build.0 = Debug|x86
		{F2566B21-0875-495B-AED8-B919A223CAEB}.Release|Any CPU.ActiveCfg = Release|Any CPU
		{F2566B21-0875-495B-AED8-B919A223CAEB}.Release|Any CPU.Build.0 = Release|Any CPU
		{F2566B21-0875-495B-AED8-B919A223CAEB}.Release|x64.ActiveCfg = Release|Any CPU
		{F2566B21-0875-495B-AED8-B919A223CAEB}.Release|x64.Build.0 = Release|Any CPU
		{F2566B21-0875-495B-AED8-B919A223CAEB}.Release|x86.ActiveCfg = Release|Any CPU
		{F2566B21-0875-495B-AED8-B919A223CAEB}.Release|x86.Build.0 = Release|Any CPU
		{6F008F70-5E8A-417D-902A-B6F7820D9662}.Debug|Any CPU.ActiveCfg = Debug|Any CPU
		{6F008F70-5E8A-417D-902A-B6F7820D9662}.Debug|Any CPU.Build.0 = Debug|Any CPU
		{6F008F70-5E8A-417D-902A-B6F7820D9662}.Debug|x64.ActiveCfg = Debug|Any CPU
		{6F008F70-5E8A-417D-902A-B6F7820D9662}.Debug|x64.Build.0 = Debug|Any CPU
		{6F008F70-5E8A-417D-902A-B6F7820D9662}.Debug|x86.ActiveCfg = Debug|Any CPU
		{6F008F70-5E8A-417D-902A-B6F7820D9662}.Debug|x86.Build.0 = Debug|Any CPU
		{6F008F70-5E8A-417D-902A-B6F7820D9662}.Release|Any CPU.ActiveCfg = Release|Any CPU
		{6F008F70-5E8A-417D-902A-B6F7820D9662}.Release|Any CPU.Build.0 = Release|Any CPU
		{6F008F70-5E8A-417D-902A-B6F7820D9662}.Release|x64.ActiveCfg = Release|Any CPU
		{6F008F70-5E8A-417D-902A-B6F7820D9662}.Release|x64.Build.0 = Release|Any CPU
		{6F008F70-5E8A-417D-902A-B6F7820D9662}.Release|x86.ActiveCfg = Release|Any CPU
		{6F008F70-5E8A-417D-902A-B6F7820D9662}.Release|x86.Build.0 = Release|Any CPU
		{1184D95D-37A8-4AB4-9D80-26C4C643F1E1}.Debug|Any CPU.ActiveCfg = Debug|Any CPU
		{1184D95D-37A8-4AB4-9D80-26C4C643F1E1}.Debug|Any CPU.Build.0 = Debug|Any CPU
		{1184D95D-37A8-4AB4-9D80-26C4C643F1E1}.Debug|x64.ActiveCfg = Debug|Any CPU
		{1184D95D-37A8-4AB4-9D80-26C4C643F1E1}.Debug|x64.Build.0 = Debug|Any CPU
		{1184D95D-37A8-4AB4-9D80-26C4C643F1E1}.Debug|x86.ActiveCfg = Debug|x86
		{1184D95D-37A8-4AB4-9D80-26C4C643F1E1}.Debug|x86.Build.0 = Debug|x86
		{1184D95D-37A8-4AB4-9D80-26C4C643F1E1}.Release|Any CPU.ActiveCfg = Release|Any CPU
		{1184D95D-37A8-4AB4-9D80-26C4C643F1E1}.Release|Any CPU.Build.0 = Release|Any CPU
		{1184D95D-37A8-4AB4-9D80-26C4C643F1E1}.Release|x64.ActiveCfg = Release|Any CPU
		{1184D95D-37A8-4AB4-9D80-26C4C643F1E1}.Release|x64.Build.0 = Release|Any CPU
		{1184D95D-37A8-4AB4-9D80-26C4C643F1E1}.Release|x86.ActiveCfg = Release|Any CPU
		{1184D95D-37A8-4AB4-9D80-26C4C643F1E1}.Release|x86.Build.0 = Release|Any CPU
		{C8130247-5505-4B0E-9B17-FFE656275DFD}.Debug|Any CPU.ActiveCfg = Debug|Any CPU
		{C8130247-5505-4B0E-9B17-FFE656275DFD}.Debug|Any CPU.Build.0 = Debug|Any CPU
		{C8130247-5505-4B0E-9B17-FFE656275DFD}.Debug|x64.ActiveCfg = Debug|Any CPU
		{C8130247-5505-4B0E-9B17-FFE656275DFD}.Debug|x64.Build.0 = Debug|Any CPU
		{C8130247-5505-4B0E-9B17-FFE656275DFD}.Debug|x86.ActiveCfg = Debug|x86
		{C8130247-5505-4B0E-9B17-FFE656275DFD}.Debug|x86.Build.0 = Debug|x86
		{C8130247-5505-4B0E-9B17-FFE656275DFD}.Release|Any CPU.ActiveCfg = Release|Any CPU
		{C8130247-5505-4B0E-9B17-FFE656275DFD}.Release|Any CPU.Build.0 = Release|Any CPU
		{C8130247-5505-4B0E-9B17-FFE656275DFD}.Release|x64.ActiveCfg = Release|Any CPU
		{C8130247-5505-4B0E-9B17-FFE656275DFD}.Release|x64.Build.0 = Release|Any CPU
		{C8130247-5505-4B0E-9B17-FFE656275DFD}.Release|x86.ActiveCfg = Release|Any CPU
		{C8130247-5505-4B0E-9B17-FFE656275DFD}.Release|x86.Build.0 = Release|Any CPU
		{C97AE982-9252-4AD6-98D8-913AB8111704}.Debug|Any CPU.ActiveCfg = Debug|Any CPU
		{C97AE982-9252-4AD6-98D8-913AB8111704}.Debug|Any CPU.Build.0 = Debug|Any CPU
		{C97AE982-9252-4AD6-98D8-913AB8111704}.Debug|x64.ActiveCfg = Debug|Any CPU
		{C97AE982-9252-4AD6-98D8-913AB8111704}.Debug|x64.Build.0 = Debug|Any CPU
		{C97AE982-9252-4AD6-98D8-913AB8111704}.Debug|x86.ActiveCfg = Debug|x86
		{C97AE982-9252-4AD6-98D8-913AB8111704}.Debug|x86.Build.0 = Debug|x86
		{C97AE982-9252-4AD6-98D8-913AB8111704}.Release|Any CPU.ActiveCfg = Release|Any CPU
		{C97AE982-9252-4AD6-98D8-913AB8111704}.Release|Any CPU.Build.0 = Release|Any CPU
		{C97AE982-9252-4AD6-98D8-913AB8111704}.Release|x64.ActiveCfg = Release|Any CPU
		{C97AE982-9252-4AD6-98D8-913AB8111704}.Release|x64.Build.0 = Release|Any CPU
		{C97AE982-9252-4AD6-98D8-913AB8111704}.Release|x86.ActiveCfg = Release|Any CPU
		{C97AE982-9252-4AD6-98D8-913AB8111704}.Release|x86.Build.0 = Release|Any CPU
		{699971A8-0884-48A3-B865-3E7A41EA3DED}.Debug|Any CPU.ActiveCfg = Debug|Any CPU
		{699971A8-0884-48A3-B865-3E7A41EA3DED}.Debug|Any CPU.Build.0 = Debug|Any CPU
		{699971A8-0884-48A3-B865-3E7A41EA3DED}.Debug|x64.ActiveCfg = Debug|Any CPU
		{699971A8-0884-48A3-B865-3E7A41EA3DED}.Debug|x64.Build.0 = Debug|Any CPU
		{699971A8-0884-48A3-B865-3E7A41EA3DED}.Debug|x86.ActiveCfg = Debug|x86
		{699971A8-0884-48A3-B865-3E7A41EA3DED}.Debug|x86.Build.0 = Debug|x86
		{699971A8-0884-48A3-B865-3E7A41EA3DED}.Release|Any CPU.ActiveCfg = Release|Any CPU
		{699971A8-0884-48A3-B865-3E7A41EA3DED}.Release|Any CPU.Build.0 = Release|Any CPU
		{699971A8-0884-48A3-B865-3E7A41EA3DED}.Release|x64.ActiveCfg = Release|Any CPU
		{699971A8-0884-48A3-B865-3E7A41EA3DED}.Release|x64.Build.0 = Release|Any CPU
		{699971A8-0884-48A3-B865-3E7A41EA3DED}.Release|x86.ActiveCfg = Release|Any CPU
		{699971A8-0884-48A3-B865-3E7A41EA3DED}.Release|x86.Build.0 = Release|Any CPU
		{B233EC66-3614-44E5-9A1C-CDEACCE845E8}.Debug|Any CPU.ActiveCfg = Debug|Any CPU
		{B233EC66-3614-44E5-9A1C-CDEACCE845E8}.Debug|Any CPU.Build.0 = Debug|Any CPU
		{B233EC66-3614-44E5-9A1C-CDEACCE845E8}.Debug|x64.ActiveCfg = Debug|Any CPU
		{B233EC66-3614-44E5-9A1C-CDEACCE845E8}.Debug|x86.ActiveCfg = Debug|Any CPU
		{B233EC66-3614-44E5-9A1C-CDEACCE845E8}.Debug|x86.Build.0 = Debug|Any CPU
		{B233EC66-3614-44E5-9A1C-CDEACCE845E8}.Release|Any CPU.ActiveCfg = Release|Any CPU
		{B233EC66-3614-44E5-9A1C-CDEACCE845E8}.Release|Any CPU.Build.0 = Release|Any CPU
		{B233EC66-3614-44E5-9A1C-CDEACCE845E8}.Release|x64.ActiveCfg = Release|Any CPU
		{B233EC66-3614-44E5-9A1C-CDEACCE845E8}.Release|x86.ActiveCfg = Release|Any CPU
		{E0E5E8C8-8BC7-420B-B605-E8DF7DD05ADC}.Debug|Any CPU.ActiveCfg = Debug|x86
		{E0E5E8C8-8BC7-420B-B605-E8DF7DD05ADC}.Debug|x64.ActiveCfg = Debug|x86
		{E0E5E8C8-8BC7-420B-B605-E8DF7DD05ADC}.Debug|x86.ActiveCfg = Debug|x86
		{E0E5E8C8-8BC7-420B-B605-E8DF7DD05ADC}.Debug|x86.Build.0 = Debug|x86
		{E0E5E8C8-8BC7-420B-B605-E8DF7DD05ADC}.Release|Any CPU.ActiveCfg = Release|x86
		{E0E5E8C8-8BC7-420B-B605-E8DF7DD05ADC}.Release|x64.ActiveCfg = Release|x86
		{E0E5E8C8-8BC7-420B-B605-E8DF7DD05ADC}.Release|x86.ActiveCfg = Release|x86
		{E0E5E8C8-8BC7-420B-B605-E8DF7DD05ADC}.Release|x86.Build.0 = Release|x86
		{4BBFEA72-4675-4D99-9EC0-1FBD6C063B94}.Debug|Any CPU.ActiveCfg = Debug|x86
		{4BBFEA72-4675-4D99-9EC0-1FBD6C063B94}.Debug|x64.ActiveCfg = Debug|x86
		{4BBFEA72-4675-4D99-9EC0-1FBD6C063B94}.Debug|x86.ActiveCfg = Debug|x86
		{4BBFEA72-4675-4D99-9EC0-1FBD6C063B94}.Debug|x86.Build.0 = Debug|x86
		{4BBFEA72-4675-4D99-9EC0-1FBD6C063B94}.Release|Any CPU.ActiveCfg = Release|x86
		{4BBFEA72-4675-4D99-9EC0-1FBD6C063B94}.Release|x64.ActiveCfg = Release|x86
		{4BBFEA72-4675-4D99-9EC0-1FBD6C063B94}.Release|x86.ActiveCfg = Release|x86
		{4BBFEA72-4675-4D99-9EC0-1FBD6C063B94}.Release|x86.Build.0 = Release|x86
		{511A4234-9BE6-46BD-A3CD-BC6609B42D44}.Debug|Any CPU.ActiveCfg = Debug|Any CPU
		{511A4234-9BE6-46BD-A3CD-BC6609B42D44}.Debug|Any CPU.Build.0 = Debug|Any CPU
		{511A4234-9BE6-46BD-A3CD-BC6609B42D44}.Debug|x64.ActiveCfg = Debug|Any CPU
		{511A4234-9BE6-46BD-A3CD-BC6609B42D44}.Debug|x64.Build.0 = Debug|Any CPU
		{511A4234-9BE6-46BD-A3CD-BC6609B42D44}.Debug|x86.ActiveCfg = Debug|x86
		{511A4234-9BE6-46BD-A3CD-BC6609B42D44}.Debug|x86.Build.0 = Debug|x86
		{511A4234-9BE6-46BD-A3CD-BC6609B42D44}.Release|Any CPU.ActiveCfg = Release|Any CPU
		{511A4234-9BE6-46BD-A3CD-BC6609B42D44}.Release|Any CPU.Build.0 = Release|Any CPU
		{511A4234-9BE6-46BD-A3CD-BC6609B42D44}.Release|x64.ActiveCfg = Release|Any CPU
		{511A4234-9BE6-46BD-A3CD-BC6609B42D44}.Release|x64.Build.0 = Release|Any CPU
		{511A4234-9BE6-46BD-A3CD-BC6609B42D44}.Release|x86.ActiveCfg = Release|x86
		{511A4234-9BE6-46BD-A3CD-BC6609B42D44}.Release|x86.Build.0 = Release|x86
	EndGlobalSection
	GlobalSection(SolutionProperties) = preSolution
		HideSolutionNode = FALSE
	EndGlobalSection
	GlobalSection(NestedProjects) = preSolution
		{5BA4DD4E-C42B-488C-8DCA-0E27F2E75276} = {63FD3392-9BD8-4930-B778-E54B38F7C49A}
		{21B1BEBE-A588-4246-AAF8-4E1510C174E3} = {63FD3392-9BD8-4930-B778-E54B38F7C49A}
		{94765FD1-E1A3-4F63-9B8F-E02965C219C5} = {63FD3392-9BD8-4930-B778-E54B38F7C49A}
		{CBD148DC-CB5E-41E1-A3F4-13BF141309CE} = {63FD3392-9BD8-4930-B778-E54B38F7C49A}
		{9993D50B-5E4C-4AA9-97F5-2010DA8898A7} = {63FD3392-9BD8-4930-B778-E54B38F7C49A}
		{BD0A5236-83E9-4EE9-AB5F-F5B9ACD769C1} = {63FD3392-9BD8-4930-B778-E54B38F7C49A}
		{2C84B936-433F-47A6-82A2-3139059132CF} = {63FD3392-9BD8-4930-B778-E54B38F7C49A}
		{6A96291B-0D92-4401-A459-28F0ADB88407} = {63FD3392-9BD8-4930-B778-E54B38F7C49A}
		{AFBB4D77-1CD1-40E5-9921-1063D1A4B8A2} = {63FD3392-9BD8-4930-B778-E54B38F7C49A}
		{D518F666-3E16-4213-A934-4DBE3E0E17D1} = {94EF3563-E95F-4FC3-B750-4177452BADE7}
		{F2566B21-0875-495B-AED8-B919A223CAEB} = {63FD3392-9BD8-4930-B778-E54B38F7C49A}
		{6F008F70-5E8A-417D-902A-B6F7820D9662} = {94EF3563-E95F-4FC3-B750-4177452BADE7}
		{B233EC66-3614-44E5-9A1C-CDEACCE845E8} = {94EF3563-E95F-4FC3-B750-4177452BADE7}
		{E0E5E8C8-8BC7-420B-B605-E8DF7DD05ADC} = {94EF3563-E95F-4FC3-B750-4177452BADE7}
		{4BBFEA72-4675-4D99-9EC0-1FBD6C063B94} = {94EF3563-E95F-4FC3-B750-4177452BADE7}
	EndGlobalSection
EndGlobal
